// !$*UTF8*$!
{
	archiveVersion = 1;
	classes = {
	};
	objectVersion = 46;
	objects = {

/* Begin PBXBuildFile section */
		721B572613E3D045004E8234 /* UIKit.framework in Frameworks */ = {isa = PBXBuildFile; fileRef = 721B572513E3D045004E8234 /* UIKit.framework */; };
		721B572813E3D045004E8234 /* Foundation.framework in Frameworks */ = {isa = PBXBuildFile; fileRef = 721B572713E3D045004E8234 /* Foundation.framework */; };
		721B572A13E3D045004E8234 /* CoreGraphics.framework in Frameworks */ = {isa = PBXBuildFile; fileRef = 721B572913E3D045004E8234 /* CoreGraphics.framework */; };
		721B573013E3D045004E8234 /* InfoPlist.strings in Resources */ = {isa = PBXBuildFile; fileRef = 721B572E13E3D045004E8234 /* InfoPlist.strings */; };
		721B573213E3D045004E8234 /* main.m in Sources */ = {isa = PBXBuildFile; fileRef = 721B573113E3D045004E8234 /* main.m */; settings = {COMPILER_FLAGS = "-fno-objc-arc"; }; };
		721B573613E3D045004E8234 /* UIToastWindowAppDelegate.m in Sources */ = {isa = PBXBuildFile; fileRef = 721B573513E3D045004E8234 /* UIToastWindowAppDelegate.m */; settings = {COMPILER_FLAGS = "-fno-objc-arc"; }; };
		721B574B13E3D088004E8234 /* UIToastAlert.m in Sources */ = {isa = PBXBuildFile; fileRef = 721B574613E3D088004E8234 /* UIToastAlert.m */; settings = {COMPILER_FLAGS = "-fno-objc-arc"; }; };
		721B574C13E3D088004E8234 /* UIToastWindowViewController_iPad.xib in Resources */ = {isa = PBXBuildFile; fileRef = 721B574713E3D088004E8234 /* UIToastWindowViewController_iPad.xib */; };
		721B574D13E3D088004E8234 /* UIToastWindowViewController_iPhone.xib in Resources */ = {isa = PBXBuildFile; fileRef = 721B574813E3D088004E8234 /* UIToastWindowViewController_iPhone.xib */; };
		721B574E13E3D088004E8234 /* UIToastWindowViewController.m in Sources */ = {isa = PBXBuildFile; fileRef = 721B574A13E3D088004E8234 /* UIToastWindowViewController.m */; settings = {COMPILER_FLAGS = "-fno-objc-arc"; }; };
		721B575013E3D26E004E8234 /* QuartzCore.framework in Frameworks */ = {isa = PBXBuildFile; fileRef = 721B574F13E3D26E004E8234 /* QuartzCore.framework */; };
/* End PBXBuildFile section */

/* Begin PBXFileReference section */
		721B572113E3D045004E8234 /* UIToastWindow.app */ = {isa = PBXFileReference; explicitFileType = wrapper.application; includeInIndex = 0; path = UIToastWindow.app; sourceTree = BUILT_PRODUCTS_DIR; };
		721B572513E3D045004E8234 /* UIKit.framework */ = {isa = PBXFileReference; lastKnownFileType = wrapper.framework; name = UIKit.framework; path = System/Library/Frameworks/UIKit.framework; sourceTree = SDKROOT; };
		721B572713E3D045004E8234 /* Foundation.framework */ = {isa = PBXFileReference; lastKnownFileType = wrapper.framework; name = Foundation.framework; path = System/Library/Frameworks/Foundation.framework; sourceTree = SDKROOT; };
		721B572913E3D045004E8234 /* CoreGraphics.framework */ = {isa = PBXFileReference; lastKnownFileType = wrapper.framework; name = CoreGraphics.framework; path = System/Library/Frameworks/CoreGraphics.framework; sourceTree = SDKROOT; };
		721B572D13E3D045004E8234 /* UIToastWindow-Info.plist */ = {isa = PBXFileReference; lastKnownFileType = text.plist.xml; path = "UIToastWindow-Info.plist"; sourceTree = "<group>"; };
		721B572F13E3D045004E8234 /* en */ = {isa = PBXFileReference; lastKnownFileType = text.plist.strings; name = en; path = en.lproj/InfoPlist.strings; sourceTree = "<group>"; };
		721B573113E3D045004E8234 /* main.m */ = {isa = PBXFileReference; lastKnownFileType = sourcecode.c.objc; path = main.m; sourceTree = "<group>"; };
		721B573313E3D045004E8234 /* UIToastWindow-Prefix.pch */ = {isa = PBXFileReference; lastKnownFileType = sourcecode.c.h; path = "UIToastWindow-Prefix.pch"; sourceTree = "<group>"; };
		721B573413E3D045004E8234 /* UIToastWindowAppDelegate.h */ = {isa = PBXFileReference; lastKnownFileType = sourcecode.c.h; path = UIToastWindowAppDelegate.h; sourceTree = "<group>"; };
		721B573513E3D045004E8234 /* UIToastWindowAppDelegate.m */ = {isa = PBXFileReference; lastKnownFileType = sourcecode.c.objc; path = UIToastWindowAppDelegate.m; sourceTree = "<group>"; };
		721B574513E3D088004E8234 /* UIToastAlert.h */ = {isa = PBXFileReference; fileEncoding = 4; lastKnownFileType = sourcecode.c.h; path = UIToastAlert.h; sourceTree = "<group>"; };
		721B574613E3D088004E8234 /* UIToastAlert.m */ = {isa = PBXFileReference; fileEncoding = 4; lastKnownFileType = sourcecode.c.objc; path = UIToastAlert.m; sourceTree = "<group>"; };
		721B574713E3D088004E8234 /* UIToastWindowViewController_iPad.xib */ = {isa = PBXFileReference; fileEncoding = 4; lastKnownFileType = file.xib; path = UIToastWindowViewController_iPad.xib; sourceTree = "<group>"; };
		721B574813E3D088004E8234 /* UIToastWindowViewController_iPhone.xib */ = {isa = PBXFileReference; fileEncoding = 4; lastKnownFileType = file.xib; path = UIToastWindowViewController_iPhone.xib; sourceTree = "<group>"; };
		721B574913E3D088004E8234 /* UIToastWindowViewController.h */ = {isa = PBXFileReference; fileEncoding = 4; lastKnownFileType = sourcecode.c.h; path = UIToastWindowViewController.h; sourceTree = "<group>"; };
		721B574A13E3D088004E8234 /* UIToastWindowViewController.m */ = {isa = PBXFileReference; fileEncoding = 4; lastKnownFileType = sourcecode.c.objc; path = UIToastWindowViewController.m; sourceTree = "<group>"; };
		721B574F13E3D26E004E8234 /* QuartzCore.framework */ = {isa = PBXFileReference; lastKnownFileType = wrapper.framework; name = QuartzCore.framework; path = System/Library/Frameworks/QuartzCore.framework; sourceTree = SDKROOT; };
/* End PBXFileReference section */

/* Begin PBXFrameworksBuildPhase section */
		721B571E13E3D045004E8234 /* Frameworks */ = {
			isa = PBXFrameworksBuildPhase;
			buildActionMask = 2147483647;
			files = (
				721B575013E3D26E004E8234 /* QuartzCore.framework in Frameworks */,
				721B572613E3D045004E8234 /* UIKit.framework in Frameworks */,
				721B572813E3D045004E8234 /* Foundation.framework in Frameworks */,
				721B572A13E3D045004E8234 /* CoreGraphics.framework in Frameworks */,
			);
			runOnlyForDeploymentPostprocessing = 0;
		};
/* End PBXFrameworksBuildPhase section */

/* Begin PBXGroup section */
		721B571613E3D045004E8234 = {
			isa = PBXGroup;
			children = (
				721B572B13E3D045004E8234 /* UIToastWindow */,
				721B572413E3D045004E8234 /* Frameworks */,
				721B572213E3D045004E8234 /* Products */,
			);
			sourceTree = "<group>";
		};
		721B572213E3D045004E8234 /* Products */ = {
			isa = PBXGroup;
			children = (
				721B572113E3D045004E8234 /* UIToastWindow.app */,
			);
			name = Products;
			sourceTree = "<group>";
		};
		721B572413E3D045004E8234 /* Frameworks */ = {
			isa = PBXGroup;
			children = (
				721B574F13E3D26E004E8234 /* QuartzCore.framework */,
				721B572513E3D045004E8234 /* UIKit.framework */,
				721B572713E3D045004E8234 /* Foundation.framework */,
				721B572913E3D045004E8234 /* CoreGraphics.framework */,
			);
			name = Frameworks;
			sourceTree = "<group>";
		};
		721B572B13E3D045004E8234 /* UIToastWindow */ = {
			isa = PBXGroup;
			children = (
				721B575213E3D42A004E8234 /* Resources */,
				721B575113E3D41B004E8234 /* Toast Window */,
				721B574913E3D088004E8234 /* UIToastWindowViewController.h */,
				721B574A13E3D088004E8234 /* UIToastWindowViewController.m */,
				721B573413E3D045004E8234 /* UIToastWindowAppDelegate.h */,
				721B573513E3D045004E8234 /* UIToastWindowAppDelegate.m */,
				721B572C13E3D045004E8234 /* Supporting Files */,
			);
			path = UIToastWindow;
			sourceTree = "<group>";
		};
		721B572C13E3D045004E8234 /* Supporting Files */ = {
			isa = PBXGroup;
			children = (
				721B572D13E3D045004E8234 /* UIToastWindow-Info.plist */,
				721B572E13E3D045004E8234 /* InfoPlist.strings */,
				721B573113E3D045004E8234 /* main.m */,
				721B573313E3D045004E8234 /* UIToastWindow-Prefix.pch */,
			);
			name = "Supporting Files";
			sourceTree = "<group>";
		};
		721B575113E3D41B004E8234 /* Toast Window */ = {
			isa = PBXGroup;
			children = (
				721B574513E3D088004E8234 /* UIToastAlert.h */,
				721B574613E3D088004E8234 /* UIToastAlert.m */,
			);
			name = "Toast Window";
			sourceTree = "<group>";
		};
		721B575213E3D42A004E8234 /* Resources */ = {
			isa = PBXGroup;
			children = (
				721B574713E3D088004E8234 /* UIToastWindowViewController_iPad.xib */,
				721B574813E3D088004E8234 /* UIToastWindowViewController_iPhone.xib */,
			);
			name = Resources;
			sourceTree = "<group>";
		};
/* End PBXGroup section */

/* Begin PBXNativeTarget section */
		721B572013E3D045004E8234 /* UIToastWindow */ = {
			isa = PBXNativeTarget;
			buildConfigurationList = 721B574213E3D045004E8234 /* Build configuration list for PBXNativeTarget "UIToastWindow" */;
			buildPhases = (
				721B571D13E3D045004E8234 /* Sources */,
				721B571E13E3D045004E8234 /* Frameworks */,
				721B571F13E3D045004E8234 /* Resources */,
			);
			buildRules = (
			);
			dependencies = (
			);
			name = UIToastWindow;
			productName = UIToastWindow;
			productReference = 721B572113E3D045004E8234 /* UIToastWindow.app */;
			productType = "com.apple.product-type.application";
		};
/* End PBXNativeTarget section */

/* Begin PBXProject section */
		721B571813E3D045004E8234 /* Project object */ = {
			isa = PBXProject;
			attributes = {
				LastUpgradeCheck = 0420;
			};
			buildConfigurationList = 721B571B13E3D045004E8234 /* Build configuration list for PBXProject "UIToastWindow" */;
			compatibilityVersion = "Xcode 3.2";
			developmentRegion = English;
			hasScannedForEncodings = 0;
			knownRegions = (
				en,
			);
			mainGroup = 721B571613E3D045004E8234;
			productRefGroup = 721B572213E3D045004E8234 /* Products */;
			projectDirPath = "";
			projectRoot = "";
			targets = (
				721B572013E3D045004E8234 /* UIToastWindow */,
			);
		};
/* End PBXProject section */

/* Begin PBXResourcesBuildPhase section */
		721B571F13E3D045004E8234 /* Resources */ = {
			isa = PBXResourcesBuildPhase;
			buildActionMask = 2147483647;
			files = (
				721B573013E3D045004E8234 /* InfoPlist.strings in Resources */,
				721B574C13E3D088004E8234 /* UIToastWindowViewController_iPad.xib in Resources */,
				721B574D13E3D088004E8234 /* UIToastWindowViewController_iPhone.xib in Resources */,
			);
			runOnlyForDeploymentPostprocessing = 0;
		};
/* End PBXResourcesBuildPhase section */

/* Begin PBXSourcesBuildPhase section */
		721B571D13E3D045004E8234 /* Sources */ = {
			isa = PBXSourcesBuildPhase;
			buildActionMask = 2147483647;
			files = (
				721B573213E3D045004E8234 /* main.m in Sources */,
				721B573613E3D045004E8234 /* UIToastWindowAppDelegate.m in Sources */,
				721B574B13E3D088004E8234 /* UIToastAlert.m in Sources */,
				721B574E13E3D088004E8234 /* UIToastWindowViewController.m in Sources */,
			);
			runOnlyForDeploymentPostprocessing = 0;
		};
/* End PBXSourcesBuildPhase section */

/* Begin PBXVariantGroup section */
		721B572E13E3D045004E8234 /* InfoPlist.strings */ = {
			isa = PBXVariantGroup;
			children = (
				721B572F13E3D045004E8234 /* en */,
			);
			name = InfoPlist.strings;
			sourceTree = "<group>";
		};
/* End PBXVariantGroup section */

/* Begin XCBuildConfiguration section */
		721B574013E3D045004E8234 /* Debug */ = {
			isa = XCBuildConfiguration;
			buildSettings = {
				ALWAYS_SEARCH_USER_PATHS = NO;
				ARCHS = "$(ARCHS_STANDARD_32_BIT)";
				CLANG_ENABLE_OBJC_ARC = YES;
				"CODE_SIGN_IDENTITY[sdk=iphoneos*]" = "iPhone Developer";
				COPY_PHASE_STRIP = NO;
				GCC_C_LANGUAGE_STANDARD = gnu99;
				GCC_DYNAMIC_NO_PIC = NO;
				GCC_OPTIMIZATION_LEVEL = 0;
				GCC_PREPROCESSOR_DEFINITIONS = (
					"DEBUG=1",
					"$(inherited)",
				);
				GCC_SYMBOLS_PRIVATE_EXTERN = NO;
				GCC_VERSION = com.apple.compilers.llvm.clang.1_0;
				GCC_WARN_ABOUT_MISSING_PROTOTYPES = YES;
				GCC_WARN_ABOUT_RETURN_TYPE = YES;
				GCC_WARN_UNUSED_VARIABLE = YES;
				IPHONEOS_DEPLOYMENT_TARGET = 5.0;
				SDKROOT = iphoneos;
				TARGETED_DEVICE_FAMILY = "1,2";
			};
			name = Debug;
		};
		721B574113E3D045004E8234 /* Release */ = {
			isa = XCBuildConfiguration;
			buildSettings = {
				ALWAYS_SEARCH_USER_PATHS = NO;
				ARCHS = "$(ARCHS_STANDARD_32_BIT)";
				CLANG_ENABLE_OBJC_ARC = YES;
				"CODE_SIGN_IDENTITY[sdk=iphoneos*]" = "iPhone Developer";
				COPY_PHASE_STRIP = YES;
				GCC_C_LANGUAGE_STANDARD = gnu99;
				GCC_VERSION = com.apple.compilers.llvm.clang.1_0;
				GCC_WARN_ABOUT_MISSING_PROTOTYPES = YES;
				GCC_WARN_ABOUT_RETURN_TYPE = YES;
				GCC_WARN_UNUSED_VARIABLE = YES;
				IPHONEOS_DEPLOYMENT_TARGET = 5.0;
				OTHER_CFLAGS = "-DNS_BLOCK_ASSERTIONS=1";
				SDKROOT = iphoneos;
				TARGETED_DEVICE_FAMILY = "1,2";
				VALIDATE_PRODUCT = YES;
			};
			name = Release;
		};
		721B574313E3D045004E8234 /* Debug */ = {
			isa = XCBuildConfiguration;
			buildSettings = {
				GCC_PRECOMPILE_PREFIX_HEADER = YES;
				GCC_PREFIX_HEADER = "UIToastWindow/UIToastWindow-Prefix.pch";
				INFOPLIST_FILE = "UIToastWindow/UIToastWindow-Info.plist";
				IPHONEOS_DEPLOYMENT_TARGET = 4.3;
				PRODUCT_NAME = "$(TARGET_NAME)";
				WRAPPER_EXTENSION = app;
			};
			name = Debug;
		};
		721B574413E3D045004E8234 /* Release */ = {
			isa = XCBuildConfiguration;
			buildSettings = {
				GCC_PRECOMPILE_PREFIX_HEADER = YES;
				GCC_PREFIX_HEADER = "UIToastWindow/UIToastWindow-Prefix.pch";
				INFOPLIST_FILE = "UIToastWindow/UIToastWindow-Info.plist";
				IPHONEOS_DEPLOYMENT_TARGET = 4.3;
				PRODUCT_NAME = "$(TARGET_NAME)";
				WRAPPER_EXTENSION = app;
			};
			name = Release;
		};
/* End XCBuildConfiguration section */

/* Begin XCConfigurationList section */
		721B571B13E3D045004E8234 /* Build configuration list for PBXProject "UIToastWindow" */ = {
			isa = XCConfigurationList;
			buildConfigurations = (
				721B574013E3D045004E8234 /* Debug */,
				721B574113E3D045004E8234 /* Release */,
			);
			defaultConfigurationIsVisible = 0;
			defaultConfigurationName = Release;
		};
		721B574213E3D045004E8234 /* Build configuration list for PBXNativeTarget "UIToastWindow" */ = {
			isa = XCConfigurationList;
			buildConfigurations = (
				721B574313E3D045004E8234 /* Debug */,
				721B574413E3D045004E8234 /* Release */,
			);
			defaultConfigurationIsVisible = 0;
			defaultConfigurationName = Release;
		};
/* End XCConfigurationList section */
	};
	rootObject = 721B571813E3D045004E8234 /* Project object */;
}
